
Microsoft Visual Studio Solution File, Format Version 12.00
# Visual Studio Version 17
VisualStudioVersion = 17.3.32819.101
MinimumVisualStudioVersion = 10.0.40219.1
Project("{8BC9CEB8-8B4A-11D0-8D11-00A0C91BC942}") = "9_13test", "9_13test\9_13test.vcxproj", "{BC1D48BA-A2C1-4F31-99D5-CFEA6C11101B}"
EndProject
Global
	GlobalSection(SolutionConfigurationPlatforms) = preSolution
		Debug|x64 = Debug|x64
		Debug|x86 = Debug|x86
		Release|x64 = Release|x64
		Release|x86 = Release|x86
	EndGlobalSection
	GlobalSection(ProjectConfigurationPlatforms) = postSolution
		{BC1D48BA-A2C1-4F31-99D5-CFEA6C11101B}.Debug|x64.ActiveCfg = Debug|x64
		{BC1D48BA-A2C1-4F31-99D5-CFEA6C11101B}.Debug|x64.Build.0 = Debug|x64
		{BC1D48BA-A2C1-4F31-99D5-CFEA6C11101B}.Debug|x86.ActiveCfg = Debug|Win32
		{BC1D48BA-A2C1-4F31-99D5-CFEA6C11101B}.Debug|x86.Build.0 = Debug|Win32
		{BC1D48BA-A2C1-4F31-99D5-CFEA6C11101B}.Release|x64.ActiveCfg = Release|x64
		{BC1D48BA-A2C1-4F31-99D5-CFEA6C11101B}.Release|x64.Build.0 = Release|x64
		{BC1D48BA-A2C1-4F31-99D5-CFEA6C11101B}.Release|x86.ActiveCfg = Release|Win32
		{BC1D48BA-A2C1-4F31-99D5-CFEA6C11101B}.Release|x86.Build.0 = Release|Win32
	EndGlobalSection
	GlobalSection(SolutionProperties) = preSolution
		HideSolutionNode = FALSE
	EndGlobalSection
	GlobalSection(ExtensibilityGlobals) = postSolution
		SolutionGuid = {90FE044D-903A-462B-83B1-EAE88971AFC1}
	EndGlobalSection
EndGlobal
