
Microsoft Visual Studio Solution File, Format Version 12.00
# Visual Studio Version 17
VisualStudioVersion = 17.3.32819.101
MinimumVisualStudioVersion = 10.0.40219.1
Project("{8BC9CEB8-8B4A-11D0-8D11-00A0C91BC942}") = "test_7", "test_7\test_7.vcxproj", "{530D7DF9-5866-409E-9D11-1662029700BF}"
EndProject
Global
	GlobalSection(SolutionConfigurationPlatforms) = preSolution
		Debug|x64 = Debug|x64
		Debug|x86 = Debug|x86
		Release|x64 = Release|x64
		Release|x86 = Release|x86
	EndGlobalSection
	GlobalSection(ProjectConfigurationPlatforms) = postSolution
		{530D7DF9-5866-409E-9D11-1662029700BF}.Debug|x64.ActiveCfg = Debug|x64
		{530D7DF9-5866-409E-9D11-1662029700BF}.Debug|x64.Build.0 = Debug|x64
		{530D7DF9-5866-409E-9D11-1662029700BF}.Debug|x86.ActiveCfg = Debug|Win32
		{530D7DF9-5866-409E-9D11-1662029700BF}.Debug|x86.Build.0 = Debug|Win32
		{530D7DF9-5866-409E-9D11-1662029700BF}.Release|x64.ActiveCfg = Release|x64
		{530D7DF9-5866-409E-9D11-1662029700BF}.Release|x64.Build.0 = Release|x64
		{530D7DF9-5866-409E-9D11-1662029700BF}.Release|x86.ActiveCfg = Release|Win32
		{530D7DF9-5866-409E-9D11-1662029700BF}.Release|x86.Build.0 = Release|Win32
	EndGlobalSection
	GlobalSection(SolutionProperties) = preSolution
		HideSolutionNode = FALSE
	EndGlobalSection
	GlobalSection(ExtensibilityGlobals) = postSolution
		SolutionGuid = {B7F899A3-C252-4C71-8AF8-E25A94A4C2DA}
	EndGlobalSection
EndGlobal
