
Microsoft Visual Studio Solution File, Format Version 12.00
# Visual Studio Version 17
VisualStudioVersion = 17.3.32819.101
MinimumVisualStudioVersion = 10.0.40219.1
Project("{8BC9CEB8-8B4A-11D0-8D11-00A0C91BC942}") = "timu", "timu\timu.vcxproj", "{B442BA34-7736-4FC3-AF0E-37D9526D07AB}"
EndProject
Global
	GlobalSection(SolutionConfigurationPlatforms) = preSolution
		Debug|x64 = Debug|x64
		Debug|x86 = Debug|x86
		Release|x64 = Release|x64
		Release|x86 = Release|x86
	EndGlobalSection
	GlobalSection(ProjectConfigurationPlatforms) = postSolution
		{B442BA34-7736-4FC3-AF0E-37D9526D07AB}.Debug|x64.ActiveCfg = Debug|x64
		{B442BA34-7736-4FC3-AF0E-37D9526D07AB}.Debug|x64.Build.0 = Debug|x64
		{B442BA34-7736-4FC3-AF0E-37D9526D07AB}.Debug|x86.ActiveCfg = Debug|Win32
		{B442BA34-7736-4FC3-AF0E-37D9526D07AB}.Debug|x86.Build.0 = Debug|Win32
		{B442BA34-7736-4FC3-AF0E-37D9526D07AB}.Release|x64.ActiveCfg = Release|x64
		{B442BA34-7736-4FC3-AF0E-37D9526D07AB}.Release|x64.Build.0 = Release|x64
		{B442BA34-7736-4FC3-AF0E-37D9526D07AB}.Release|x86.ActiveCfg = Release|Win32
		{B442BA34-7736-4FC3-AF0E-37D9526D07AB}.Release|x86.Build.0 = Release|Win32
	EndGlobalSection
	GlobalSection(SolutionProperties) = preSolution
		HideSolutionNode = FALSE
	EndGlobalSection
	GlobalSection(ExtensibilityGlobals) = postSolution
		SolutionGuid = {A0628999-AD8D-47FA-B6AD-8ED49F71E1C2}
	EndGlobalSection
EndGlobal
