
Microsoft Visual Studio Solution File, Format Version 12.00
# Visual Studio Version 17
VisualStudioVersion = 17.3.32819.101
MinimumVisualStudioVersion = 10.0.40219.1
Project("{8BC9CEB8-8B4A-11D0-8D11-00A0C91BC942}") = "9_21test", "9_21test\9_21test.vcxproj", "{C43BAED7-0700-4998-B19C-CC9802E9D758}"
EndProject
Global
	GlobalSection(SolutionConfigurationPlatforms) = preSolution
		Debug|x64 = Debug|x64
		Debug|x86 = Debug|x86
		Release|x64 = Release|x64
		Release|x86 = Release|x86
	EndGlobalSection
	GlobalSection(ProjectConfigurationPlatforms) = postSolution
		{C43BAED7-0700-4998-B19C-CC9802E9D758}.Debug|x64.ActiveCfg = Debug|x64
		{C43BAED7-0700-4998-B19C-CC9802E9D758}.Debug|x64.Build.0 = Debug|x64
		{C43BAED7-0700-4998-B19C-CC9802E9D758}.Debug|x86.ActiveCfg = Debug|Win32
		{C43BAED7-0700-4998-B19C-CC9802E9D758}.Debug|x86.Build.0 = Debug|Win32
		{C43BAED7-0700-4998-B19C-CC9802E9D758}.Release|x64.ActiveCfg = Release|x64
		{C43BAED7-0700-4998-B19C-CC9802E9D758}.Release|x64.Build.0 = Release|x64
		{C43BAED7-0700-4998-B19C-CC9802E9D758}.Release|x86.ActiveCfg = Release|Win32
		{C43BAED7-0700-4998-B19C-CC9802E9D758}.Release|x86.Build.0 = Release|Win32
	EndGlobalSection
	GlobalSection(SolutionProperties) = preSolution
		HideSolutionNode = FALSE
	EndGlobalSection
	GlobalSection(ExtensibilityGlobals) = postSolution
		SolutionGuid = {3649417F-0541-4641-882D-4C704C91EC88}
	EndGlobalSection
EndGlobal
